
Microsoft Visual Studio Solution File, Format Version 12.00
# Visual Studio Version 17
VisualStudioVersion = 17.7.34202.233
MinimumVisualStudioVersion = 10.0.40219.1
Project("{FAE04EC0-301F-11D3-BF4B-00C04F79EFBC}") = "pharmacy-management", "pharmacy-management.csproj", "{04963F7F-9FFC-4E03-A1AF-82B89174B2F4}"
EndProject
Global
	GlobalSection(SolutionConfigurationPlatforms) = preSolution
		Debug|Any CPU = Debug|Any CPU
		Release|Any CPU = Release|Any CPU
	EndGlobalSection
	GlobalSection(ProjectConfigurationPlatforms) = postSolution
		{04963F7F-9FFC-4E03-A1AF-82B89174B2F4}.Debug|Any CPU.ActiveCfg = Debug|Any CPU
		{04963F7F-9FFC-4E03-A1AF-82B89174B2F4}.Debug|Any CPU.Build.0 = Debug|Any CPU
		{04963F7F-9FFC-4E03-A1AF-82B89174B2F4}.Release|Any CPU.ActiveCfg = Release|Any CPU
		{04963F7F-9FFC-4E03-A1AF-82B89174B2F4}.Release|Any CPU.Build.0 = Release|Any CPU
	EndGlobalSection
	GlobalSection(SolutionProperties) = preSolution
		HideSolutionNode = FALSE
	EndGlobalSection
	GlobalSection(ExtensibilityGlobals) = postSolution
		SolutionGuid = {6BBF008C-A141-4D35-8DC1-55B0AC20110A}
	EndGlobalSection
EndGlobal
